
Microsoft Visual Studio Solution File, Format Version 12.00
# Visual Studio 14
VisualStudioVersion = 14.0.25420.1
MinimumVisualStudioVersion = 10.0.40219.1
Project("{8BC9CEB8-8B4A-11D0-8D11-00A0C91BC942}") = "10.1", "10.1\10.1.vcxproj", "{C357984F-75CB-4C2A-AD6C-422ACC618A0D}"
EndProject
Project("{8BC9CEB8-8B4A-11D0-8D11-00A0C91BC942}") = "main", "main\main.vcxproj", "{EFC05744-C755-4FBA-BD08-E0B3E622A1DC}"
EndProject
Project("{8BC9CEB8-8B4A-11D0-8D11-00A0C91BC942}") = "win", "win\win.vcxproj", "{4B299131-5E79-41DE-A4B5-CE65B4E025C8}"
EndProject
Global
	GlobalSection(SolutionConfigurationPlatforms) = preSolution
		Debug|x64 = Debug|x64
		Debug|x86 = Debug|x86
		Release|x64 = Release|x64
		Release|x86 = Release|x86
	EndGlobalSection
	GlobalSection(ProjectConfigurationPlatforms) = postSolution
		{C357984F-75CB-4C2A-AD6C-422ACC618A0D}.Debug|x64.ActiveCfg = Debug|x64
		{C357984F-75CB-4C2A-AD6C-422ACC618A0D}.Debug|x64.Build.0 = Debug|x64
		{C357984F-75CB-4C2A-AD6C-422ACC618A0D}.Debug|x86.ActiveCfg = Debug|Win32
		{C357984F-75CB-4C2A-AD6C-422ACC618A0D}.Debug|x86.Build.0 = Debug|Win32
		{C357984F-75CB-4C2A-AD6C-422ACC618A0D}.Release|x64.ActiveCfg = Release|x64
		{C357984F-75CB-4C2A-AD6C-422ACC618A0D}.Release|x64.Build.0 = Release|x64
		{C357984F-75CB-4C2A-AD6C-422ACC618A0D}.Release|x86.ActiveCfg = Release|Win32
		{C357984F-75CB-4C2A-AD6C-422ACC618A0D}.Release|x86.Build.0 = Release|Win32
		{EFC05744-C755-4FBA-BD08-E0B3E622A1DC}.Debug|x64.ActiveCfg = Debug|x64
		{EFC05744-C755-4FBA-BD08-E0B3E622A1DC}.Debug|x64.Build.0 = Debug|x64
		{EFC05744-C755-4FBA-BD08-E0B3E622A1DC}.Debug|x86.ActiveCfg = Debug|Win32
		{EFC05744-C755-4FBA-BD08-E0B3E622A1DC}.Debug|x86.Build.0 = Debug|Win32
		{EFC05744-C755-4FBA-BD08-E0B3E622A1DC}.Release|x64.ActiveCfg = Release|x64
		{EFC05744-C755-4FBA-BD08-E0B3E622A1DC}.Release|x64.Build.0 = Release|x64
		{EFC05744-C755-4FBA-BD08-E0B3E622A1DC}.Release|x86.ActiveCfg = Release|Win32
		{EFC05744-C755-4FBA-BD08-E0B3E622A1DC}.Release|x86.Build.0 = Release|Win32
		{4B299131-5E79-41DE-A4B5-CE65B4E025C8}.Debug|x64.ActiveCfg = Debug|x64
		{4B299131-5E79-41DE-A4B5-CE65B4E025C8}.Debug|x64.Build.0 = Debug|x64
		{4B299131-5E79-41DE-A4B5-CE65B4E025C8}.Debug|x86.ActiveCfg = Debug|Win32
		{4B299131-5E79-41DE-A4B5-CE65B4E025C8}.Debug|x86.Build.0 = Debug|Win32
		{4B299131-5E79-41DE-A4B5-CE65B4E025C8}.Release|x64.ActiveCfg = Release|x64
		{4B299131-5E79-41DE-A4B5-CE65B4E025C8}.Release|x64.Build.0 = Release|x64
		{4B299131-5E79-41DE-A4B5-CE65B4E025C8}.Release|x86.ActiveCfg = Release|Win32
		{4B299131-5E79-41DE-A4B5-CE65B4E025C8}.Release|x86.Build.0 = Release|Win32
	EndGlobalSection
	GlobalSection(SolutionProperties) = preSolution
		HideSolutionNode = FALSE
	EndGlobalSection
EndGlobal
